[[package]]
category = "main"
description = "Screen-scraping library"
name = "beautifulsoup4"
optional = false
python-versions = "*"
version = "4.9.0"

[package.dependencies]
soupsieve = [">1.2", "<2.0"]

[[package]]
category = "main"
description = "Composable command line interface toolkit"
name = "click"
optional = false
python-versions = ">=2.7, !=3.0.*, !=3.1.*, !=3.2.*, !=3.3.*, !=3.4.*"
version = "7.1.2"

[[package]]
category = "main"
description = "Powerful and Pythonic XML processing library combining libxml2/libxslt with the ElementTree API."
name = "lxml"
optional = false
python-versions = ">=2.7, !=3.0.*, !=3.1.*, !=3.2.*, !=3.3.*, != 3.4.*"
version = "4.5.0"

[[package]]
category = "main"
description = "A modern CSS selector implementation for Beautiful Soup."
name = "soupsieve"
optional = false
python-versions = "*"
version = "1.9.5"

[metadata]
content-hash = "b6560f5988dc998789ba5141928e3af9f5db99b93b43f0b1aee570babfd6af7c"
python-versions = "^3.6"

[metadata.hashes]
beautifulsoup4 = ["594ca51a10d2b3443cbac41214e12dbb2a1cd57e1a7344659849e2e20ba6a8d8", "a4bbe77fd30670455c5296242967a123ec28c37e9702a8a81bd2f20a4baf0368", "d4e96ac9b0c3a6d3f0caae2e4124e6055c5dcafde8e2f831ff194c104f0775a0"]
click = ["d2b5255c7c6349bc1bd1e59e08cd12acbbd63ce649f2588755783aa94dfb6b1a", "dacca89f4bfadd5de3d7489b7c8a566eee0d3676333fbb50030263894c38c0dc"]
lxml = ["06d4e0bbb1d62e38ae6118406d7cdb4693a3fa34ee3762238bcb96c9e36a93cd", "0701f7965903a1c3f6f09328c1278ac0eee8f56f244e66af79cb224b7ef3801c", "1f2c4ec372bf1c4a2c7e4bb20845e8bcf8050365189d86806bad1e3ae473d081", "4235bc124fdcf611d02047d7034164897ade13046bda967768836629bc62784f", "5828c7f3e615f3975d48f40d4fe66e8a7b25f16b5e5705ffe1d22e43fb1f6261", "585c0869f75577ac7a8ff38d08f7aac9033da2c41c11352ebf86a04652758b7a", "5d467ce9c5d35b3bcc7172c06320dddb275fea6ac2037f72f0a4d7472035cea9", "63dbc21efd7e822c11d5ddbedbbb08cd11a41e0032e382a0fd59b0b08e405a3a", "7bc1b221e7867f2e7ff1933165c0cec7153dce93d0cdba6554b42a8beb687bdb", "8620ce80f50d023d414183bf90cc2576c2837b88e00bea3f33ad2630133bbb60", "8a0ebda56ebca1a83eb2d1ac266649b80af8dd4b4a3502b2c1e09ac2f88fe128", "90ed0e36455a81b25b7034038e40880189169c308a3df360861ad74da7b68c1a", "95e67224815ef86924fbc2b71a9dbd1f7262384bca4bc4793645794ac4200717", "afdb34b715daf814d1abea0317b6d672476b498472f1e5aacbadc34ebbc26e89", "b4b2c63cc7963aedd08a5f5a454c9f67251b1ac9e22fd9d72836206c42dc2a72", "d068f55bda3c2c3fcaec24bd083d9e2eede32c583faf084d6e4b9daaea77dde8", "d5b3c4b7edd2e770375a01139be11307f04341ec709cf724e0f26ebb1eef12c3", "deadf4df349d1dcd7b2853a2c8796593cc346600726eff680ed8ed11812382a7", "df533af6f88080419c5a604d0d63b2c33b1c0c4409aba7d0cb6de305147ea8c8", "e4aa948eb15018a657702fee0b9db47e908491c64d36b4a90f59a64741516e77", "e5d842c73e4ef6ed8c1bd77806bf84a7cb535f9c0cf9b2c74d02ebda310070e1", "ebec08091a22c2be870890913bdadd86fcd8e9f0f22bcb398abd3af914690c15", "edc15fcfd77395e24543be48871c251f38132bb834d9fdfdad756adb6ea37679", "f2b74784ed7e0bc2d02bd53e48ad6ba523c9b36c194260b7a5045071abbb1012", "fa071559f14bd1e92077b1b5f6c22cf09756c6de7139370249eb372854ce51e6", "fd52e796fee7171c4361d441796b64df1acfceb51f29e545e812f16d023c4bbc", "fe976a0f1ef09b3638778024ab9fb8cde3118f203364212c198f71341c0715ca"]
soupsieve = ["bdb0d917b03a1369ce964056fc195cfdff8819c40de04695a80bc813c3cfa1f5", "e2c1c5dee4a1c36bcb790e0fabd5492d874b8ebd4617622c4f6a731701060dda"]
